
Microsoft Visual Studio Solution File, Format Version 12.00
# Visual Studio Version 17
VisualStudioVersion = 17.10.35013.160
MinimumVisualStudioVersion = 10.0.40219.1
Project("{FAE04EC0-301F-11D3-BF4B-00C04F79EFBC}") = "topic 8 assignment", "topic 8 assignment\topic 8 assignment.csproj", "{4D8B5441-9C38-41FF-973A-7228ACA584A8}"
EndProject
Global
	GlobalSection(SolutionConfigurationPlatforms) = preSolution
		Debug|Any CPU = Debug|Any CPU
		Release|Any CPU = Release|Any CPU
	EndGlobalSection
	GlobalSection(ProjectConfigurationPlatforms) = postSolution
		{4D8B5441-9C38-41FF-973A-7228ACA584A8}.Debug|Any CPU.ActiveCfg = Debug|Any CPU
		{4D8B5441-9C38-41FF-973A-7228ACA584A8}.Debug|Any CPU.Build.0 = Debug|Any CPU
		{4D8B5441-9C38-41FF-973A-7228ACA584A8}.Release|Any CPU.ActiveCfg = Release|Any CPU
		{4D8B5441-9C38-41FF-973A-7228ACA584A8}.Release|Any CPU.Build.0 = Release|Any CPU
	EndGlobalSection
	GlobalSection(SolutionProperties) = preSolution
		HideSolutionNode = FALSE
	EndGlobalSection
	GlobalSection(ExtensibilityGlobals) = postSolution
		SolutionGuid = {5ED49B1E-260E-41C6-9AB3-BBE5996D5582}
	EndGlobalSection
EndGlobal
